{
  "name": "project-ex03",
  "version": "1.0.0",
  "lockfileVersion": 2,
  "requires": true,
  "packages": {
    "": {
      "name": "project-ex03",
      "version": "1.0.0",
      "license": "ISC",
      "dependencies": {
        "douzone-jkl851-math": "^1.0.0"
      }
    },
    "node_modules/douzone-jkl851-math": {
      "version": "1.0.0",
      "resolved": "https://registry.npmjs.org/douzone-jkl851-math/-/douzone-jkl851-math-1.0.0.tgz",
      "integrity": "sha512-wyyc1lK4RDXgWcQDXI6nIILC8yCxskdCM4bJ7CvPyKspLXCv/teOao9ht0ZBqtOQAH+ySLB2z9MQGXkqe9n1jQ=="
    }
  },
  "dependencies": {
    "douzone-jkl851-math": {
      "version": "1.0.0",
      "resolved": "https://registry.npmjs.org/douzone-jkl851-math/-/douzone-jkl851-math-1.0.0.tgz",
      "integrity": "sha512-wyyc1lK4RDXgWcQDXI6nIILC8yCxskdCM4bJ7CvPyKspLXCv/teOao9ht0ZBqtOQAH+ySLB2z9MQGXkqe9n1jQ=="
    }
  }
}
